
Microsoft Visual Studio Solution File, Format Version 12.00
Project("{2150E333-8FDC-42A3-9474-1A3956D46DE8}") = "Core", "Core", "{46E6DD40-5E93-4548-B98D-C81D9FF181E7}"
EndProject
Project("{FAE04EC0-301F-11D3-BF4B-00C04F79EFBC}") = "Soap.Client", "Soap.Client\Soap.Client.csproj", "{FDD1F5DB-928A-48FE-A020-E2EABBCE3360}"
EndProject
Project("{2150E333-8FDC-42A3-9474-1A3956D46DE8}") = "Http", "Http", "{6B35FD35-1639-459E-937C-5D2BFC8DA350}"
EndProject
Project("{FAE04EC0-301F-11D3-BF4B-00C04F79EFBC}") = "Soap.Client.Http", "Soap.Client.Http\Soap.Client.Http.csproj", "{7902A8E3-0A56-4A99-AA8D-4599F622CB9D}"
EndProject
Project("{FAE04EC0-301F-11D3-BF4B-00C04F79EFBC}") = "Soap.Client.Http.DependencyInjection", "Soap.Client.Http.DependencyInjection\Soap.Client.Http.DependencyInjection.csproj", "{13953D4B-56B7-47C4-8A4B-B293C41341E2}"
EndProject
Project("{FAE04EC0-301F-11D3-BF4B-00C04F79EFBC}") = "Soap.Client.Http.Hosting", "Soap.Client.Http.Hosting\Soap.Client.Http.Hosting.csproj", "{8E4031A9-CC17-49CF-8E94-FB180092E994}"
EndProject
Project("{2150E333-8FDC-42A3-9474-1A3956D46DE8}") = "Http.Logging", "Http.Logging", "{05BB7382-BD0C-405C-ABD0-A0289B90A6E3}"
EndProject
Project("{FAE04EC0-301F-11D3-BF4B-00C04F79EFBC}") = "Soap.Client.Http.Logging", "Soap.Client.Http.Logging\Soap.Client.Http.Logging.csproj", "{3B8F5CFB-53F1-4835-B9A1-BC6B627FCEC5}"
EndProject
Project("{FAE04EC0-301F-11D3-BF4B-00C04F79EFBC}") = "Soap.Client.Http.Logging.DependencyInjection", "Soap.Client.Http.Logging.DependencyInjection\Soap.Client.Http.Logging.DependencyInjection.csproj", "{FF5AE964-EAA2-4068-9C1E-56C7F47F27F1}"
EndProject
Project("{FAE04EC0-301F-11D3-BF4B-00C04F79EFBC}") = "Soap.Client.Http.Logging.Hosting", "Soap.Client.Http.Logging.Hosting\Soap.Client.Http.Logging.Hosting.csproj", "{58B114CA-93EA-47E6-9A6C-9DAEB17DEEF1}"
EndProject
Project("{2150E333-8FDC-42A3-9474-1A3956D46DE8}") = "Test", "Test", "{8993143B-5A9F-4CBF-81B8-8B6B7CE90F37}"
EndProject
Project("{FAE04EC0-301F-11D3-BF4B-00C04F79EFBC}") = "Soap.Client.Test", "Soap.Client.Test\Soap.Client.Test.csproj", "{081DDE57-3D20-40A4-8CDB-9903B0F00563}"
EndProject
Global
	GlobalSection(SolutionConfigurationPlatforms) = preSolution
		Debug|Any CPU = Debug|Any CPU
		Release|Any CPU = Release|Any CPU
	EndGlobalSection
	GlobalSection(ProjectConfigurationPlatforms) = postSolution
		{FDD1F5DB-928A-48FE-A020-E2EABBCE3360}.Debug|Any CPU.ActiveCfg = Debug|Any CPU
		{FDD1F5DB-928A-48FE-A020-E2EABBCE3360}.Debug|Any CPU.Build.0 = Debug|Any CPU
		{FDD1F5DB-928A-48FE-A020-E2EABBCE3360}.Release|Any CPU.ActiveCfg = Release|Any CPU
		{FDD1F5DB-928A-48FE-A020-E2EABBCE3360}.Release|Any CPU.Build.0 = Release|Any CPU
		{7902A8E3-0A56-4A99-AA8D-4599F622CB9D}.Debug|Any CPU.ActiveCfg = Debug|Any CPU
		{7902A8E3-0A56-4A99-AA8D-4599F622CB9D}.Debug|Any CPU.Build.0 = Debug|Any CPU
		{7902A8E3-0A56-4A99-AA8D-4599F622CB9D}.Release|Any CPU.ActiveCfg = Release|Any CPU
		{7902A8E3-0A56-4A99-AA8D-4599F622CB9D}.Release|Any CPU.Build.0 = Release|Any CPU
		{13953D4B-56B7-47C4-8A4B-B293C41341E2}.Debug|Any CPU.ActiveCfg = Debug|Any CPU
		{13953D4B-56B7-47C4-8A4B-B293C41341E2}.Debug|Any CPU.Build.0 = Debug|Any CPU
		{13953D4B-56B7-47C4-8A4B-B293C41341E2}.Release|Any CPU.ActiveCfg = Release|Any CPU
		{13953D4B-56B7-47C4-8A4B-B293C41341E2}.Release|Any CPU.Build.0 = Release|Any CPU
		{8E4031A9-CC17-49CF-8E94-FB180092E994}.Debug|Any CPU.ActiveCfg = Debug|Any CPU
		{8E4031A9-CC17-49CF-8E94-FB180092E994}.Debug|Any CPU.Build.0 = Debug|Any CPU
		{8E4031A9-CC17-49CF-8E94-FB180092E994}.Release|Any CPU.ActiveCfg = Release|Any CPU
		{8E4031A9-CC17-49CF-8E94-FB180092E994}.Release|Any CPU.Build.0 = Release|Any CPU
		{3B8F5CFB-53F1-4835-B9A1-BC6B627FCEC5}.Debug|Any CPU.ActiveCfg = Debug|Any CPU
		{3B8F5CFB-53F1-4835-B9A1-BC6B627FCEC5}.Debug|Any CPU.Build.0 = Debug|Any CPU
		{3B8F5CFB-53F1-4835-B9A1-BC6B627FCEC5}.Release|Any CPU.ActiveCfg = Release|Any CPU
		{3B8F5CFB-53F1-4835-B9A1-BC6B627FCEC5}.Release|Any CPU.Build.0 = Release|Any CPU
		{FF5AE964-EAA2-4068-9C1E-56C7F47F27F1}.Debug|Any CPU.ActiveCfg = Debug|Any CPU
		{FF5AE964-EAA2-4068-9C1E-56C7F47F27F1}.Debug|Any CPU.Build.0 = Debug|Any CPU
		{FF5AE964-EAA2-4068-9C1E-56C7F47F27F1}.Release|Any CPU.ActiveCfg = Release|Any CPU
		{FF5AE964-EAA2-4068-9C1E-56C7F47F27F1}.Release|Any CPU.Build.0 = Release|Any CPU
		{58B114CA-93EA-47E6-9A6C-9DAEB17DEEF1}.Debug|Any CPU.ActiveCfg = Debug|Any CPU
		{58B114CA-93EA-47E6-9A6C-9DAEB17DEEF1}.Debug|Any CPU.Build.0 = Debug|Any CPU
		{58B114CA-93EA-47E6-9A6C-9DAEB17DEEF1}.Release|Any CPU.ActiveCfg = Release|Any CPU
		{58B114CA-93EA-47E6-9A6C-9DAEB17DEEF1}.Release|Any CPU.Build.0 = Release|Any CPU
		{081DDE57-3D20-40A4-8CDB-9903B0F00563}.Debug|Any CPU.ActiveCfg = Debug|Any CPU
		{081DDE57-3D20-40A4-8CDB-9903B0F00563}.Debug|Any CPU.Build.0 = Debug|Any CPU
		{081DDE57-3D20-40A4-8CDB-9903B0F00563}.Release|Any CPU.ActiveCfg = Release|Any CPU
		{081DDE57-3D20-40A4-8CDB-9903B0F00563}.Release|Any CPU.Build.0 = Release|Any CPU
	EndGlobalSection
	GlobalSection(NestedProjects) = preSolution
		{FDD1F5DB-928A-48FE-A020-E2EABBCE3360} = {46E6DD40-5E93-4548-B98D-C81D9FF181E7}
		{7902A8E3-0A56-4A99-AA8D-4599F622CB9D} = {6B35FD35-1639-459E-937C-5D2BFC8DA350}
		{13953D4B-56B7-47C4-8A4B-B293C41341E2} = {6B35FD35-1639-459E-937C-5D2BFC8DA350}
		{8E4031A9-CC17-49CF-8E94-FB180092E994} = {6B35FD35-1639-459E-937C-5D2BFC8DA350}
		{3B8F5CFB-53F1-4835-B9A1-BC6B627FCEC5} = {05BB7382-BD0C-405C-ABD0-A0289B90A6E3}
		{FF5AE964-EAA2-4068-9C1E-56C7F47F27F1} = {05BB7382-BD0C-405C-ABD0-A0289B90A6E3}
		{58B114CA-93EA-47E6-9A6C-9DAEB17DEEF1} = {05BB7382-BD0C-405C-ABD0-A0289B90A6E3}
		{081DDE57-3D20-40A4-8CDB-9903B0F00563} = {8993143B-5A9F-4CBF-81B8-8B6B7CE90F37}
	EndGlobalSection
EndGlobal
